// !$*UTF8*$!
{
	archiveVersion = 1;
	classes = {
	};
	objectVersion = 50;
	objects = {

/* Begin PBXBuildFile section */
		C24FCA842606769200F50032 /* AppDelegate.swift in Sources */ = {isa = PBXBuildFile; fileRef = C24FCA832606769200F50032 /* AppDelegate.swift */; };
		C24FCA862606769200F50032 /* SceneDelegate.swift in Sources */ = {isa = PBXBuildFile; fileRef = C24FCA852606769200F50032 /* SceneDelegate.swift */; };
		C24FCA882606769200F50032 /* ViewController.swift in Sources */ = {isa = PBXBuildFile; fileRef = C24FCA872606769200F50032 /* ViewController.swift */; };
		C24FCA8B2606769200F50032 /* Main.storyboard in Resources */ = {isa = PBXBuildFile; fileRef = C24FCA892606769200F50032 /* Main.storyboard */; };
		C24FCA8D2606769300F50032 /* Assets.xcassets in Resources */ = {isa = PBXBuildFile; fileRef = C24FCA8C2606769300F50032 /* Assets.xcassets */; };
		C24FCA902606769300F50032 /* LaunchScreen.storyboard in Resources */ = {isa = PBXBuildFile; fileRef = C24FCA8E2606769300F50032 /* LaunchScreen.storyboard */; };
		C24FCA9B2606769300F50032 /* CounterTests.swift in Sources */ = {isa = PBXBuildFile; fileRef = C24FCA9A2606769300F50032 /* CounterTests.swift */; };
		C24FCAA62606769400F50032 /* CounterUITests.swift in Sources */ = {isa = PBXBuildFile; fileRef = C24FCAA52606769400F50032 /* CounterUITests.swift */; };
/* End PBXBuildFile section */

/* Begin PBXContainerItemProxy section */
		C24FCA972606769300F50032 /* PBXContainerItemProxy */ = {
			isa = PBXContainerItemProxy;
			containerPortal = C24FCA782606769200F50032 /* Project object */;
			proxyType = 1;
			remoteGlobalIDString = C24FCA7F2606769200F50032;
			remoteInfo = Counter;
		};
		C24FCAA22606769400F50032 /* PBXContainerItemProxy */ = {
			isa = PBXContainerItemProxy;
			containerPortal = C24FCA782606769200F50032 /* Project object */;
			proxyType = 1;
			remoteGlobalIDString = C24FCA7F2606769200F50032;
			remoteInfo = Counter;
		};
/* End PBXContainerItemProxy section */

/* Begin PBXFileReference section */
		C24FCA802606769200F50032 /* Counter.app */ = {isa = PBXFileReference; explicitFileType = wrapper.application; includeInIndex = 0; path = Counter.app; sourceTree = BUILT_PRODUCTS_DIR; };
		C24FCA832606769200F50032 /* AppDelegate.swift */ = {isa = PBXFileReference; lastKnownFileType = sourcecode.swift; path = AppDelegate.swift; sourceTree = "<group>"; };
		C24FCA852606769200F50032 /* SceneDelegate.swift */ = {isa = PBXFileReference; lastKnownFileType = sourcecode.swift; path = SceneDelegate.swift; sourceTree = "<group>"; };
		C24FCA872606769200F50032 /* ViewController.swift */ = {isa = PBXFileReference; lastKnownFileType = sourcecode.swift; path = ViewController.swift; sourceTree = "<group>"; };
		C24FCA8A2606769200F50032 /* Base */ = {isa = PBXFileReference; lastKnownFileType = file.storyboard; name = Base; path = Base.lproj/Main.storyboard; sourceTree = "<group>"; };
		C24FCA8C2606769300F50032 /* Assets.xcassets */ = {isa = PBXFileReference; lastKnownFileType = folder.assetcatalog; path = Assets.xcassets; sourceTree = "<group>"; };
		C24FCA8F2606769300F50032 /* Base */ = {isa = PBXFileReference; lastKnownFileType = file.storyboard; name = Base; path = Base.lproj/LaunchScreen.storyboard; sourceTree = "<group>"; };
		C24FCA912606769300F50032 /* Info.plist */ = {isa = PBXFileReference; lastKnownFileType = text.plist.xml; path = Info.plist; sourceTree = "<group>"; };
		C24FCA962606769300F50032 /* CounterTests.xctest */ = {isa = PBXFileReference; explicitFileType = wrapper.cfbundle; includeInIndex = 0; path = CounterTests.xctest; sourceTree = BUILT_PRODUCTS_DIR; };
		C24FCA9A2606769300F50032 /* CounterTests.swift */ = {isa = PBXFileReference; lastKnownFileType = sourcecode.swift; path = CounterTests.swift; sourceTree = "<group>"; };
		C24FCA9C2606769300F50032 /* Info.plist */ = {isa = PBXFileReference; lastKnownFileType = text.plist.xml; path = Info.plist; sourceTree = "<group>"; };
		C24FCAA12606769400F50032 /* CounterUITests.xctest */ = {isa = PBXFileReference; explicitFileType = wrapper.cfbundle; includeInIndex = 0; path = CounterUITests.xctest; sourceTree = BUILT_PRODUCTS_DIR; };
		C24FCAA52606769400F50032 /* CounterUITests.swift */ = {isa = PBXFileReference; lastKnownFileType = sourcecode.swift; path = CounterUITests.swift; sourceTree = "<group>"; };
		C24FCAA72606769400F50032 /* Info.plist */ = {isa = PBXFileReference; lastKnownFileType = text.plist.xml; path = Info.plist; sourceTree = "<group>"; };
/* End PBXFileReference section */

/* Begin PBXFrameworksBuildPhase section */
		C24FCA7D2606769200F50032 /* Frameworks */ = {
			isa = PBXFrameworksBuildPhase;
			buildActionMask = 2147483647;
			files = (
			);
			runOnlyForDeploymentPostprocessing = 0;
		};
		C24FCA932606769300F50032 /* Frameworks */ = {
			isa = PBXFrameworksBuildPhase;
			buildActionMask = 2147483647;
			files = (
			);
			runOnlyForDeploymentPostprocessing = 0;
		};
		C24FCA9E2606769400F50032 /* Frameworks */ = {
			isa = PBXFrameworksBuildPhase;
			buildActionMask = 2147483647;
			files = (
			);
			runOnlyForDeploymentPostprocessing = 0;
		};
/* End PBXFrameworksBuildPhase section */

/* Begin PBXGroup section */
		C24FCA772606769200F50032 = {
			isa = PBXGroup;
			children = (
				C24FCA822606769200F50032 /* Counter */,
				C24FCA992606769300F50032 /* CounterTests */,
				C24FCAA42606769400F50032 /* CounterUITests */,
				C24FCA812606769200F50032 /* Products */,
			);
			sourceTree = "<group>";
		};
		C24FCA812606769200F50032 /* Products */ = {
			isa = PBXGroup;
			children = (
				C24FCA802606769200F50032 /* Counter.app */,
				C24FCA962606769300F50032 /* CounterTests.xctest */,
				C24FCAA12606769400F50032 /* CounterUITests.xctest */,
			);
			name = Products;
			sourceTree = "<group>";
		};
		C24FCA822606769200F50032 /* Counter */ = {
			isa = PBXGroup;
			children = (
				C24FCA832606769200F50032 /* AppDelegate.swift */,
				C24FCA852606769200F50032 /* SceneDelegate.swift */,
				C24FCA872606769200F50032 /* ViewController.swift */,
				C24FCA892606769200F50032 /* Main.storyboard */,
				C24FCA8C2606769300F50032 /* Assets.xcassets */,
				C24FCA8E2606769300F50032 /* LaunchScreen.storyboard */,
				C24FCA912606769300F50032 /* Info.plist */,
			);
			path = Counter;
			sourceTree = "<group>";
		};
		C24FCA992606769300F50032 /* CounterTests */ = {
			isa = PBXGroup;
			children = (
				C24FCA9A2606769300F50032 /* CounterTests.swift */,
				C24FCA9C2606769300F50032 /* Info.plist */,
			);
			path = CounterTests;
			sourceTree = "<group>";
		};
		C24FCAA42606769400F50032 /* CounterUITests */ = {
			isa = PBXGroup;
			children = (
				C24FCAA52606769400F50032 /* CounterUITests.swift */,
				C24FCAA72606769400F50032 /* Info.plist */,
			);
			path = CounterUITests;
			sourceTree = "<group>";
		};
/* End PBXGroup section */

/* Begin PBXNativeTarget section */
		C24FCA7F2606769200F50032 /* Counter */ = {
			isa = PBXNativeTarget;
			buildConfigurationList = C24FCAAA2606769400F50032 /* Build configuration list for PBXNativeTarget "Counter" */;
			buildPhases = (
				C24FCA7C2606769200F50032 /* Sources */,
				C24FCA7D2606769200F50032 /* Frameworks */,
				C24FCA7E2606769200F50032 /* Resources */,
			);
			buildRules = (
			);
			dependencies = (
			);
			name = Counter;
			productName = Counter;
			productReference = C24FCA802606769200F50032 /* Counter.app */;
			productType = "com.apple.product-type.application";
		};
		C24FCA952606769300F50032 /* CounterTests */ = {
			isa = PBXNativeTarget;
			buildConfigurationList = C24FCAAD2606769400F50032 /* Build configuration list for PBXNativeTarget "CounterTests" */;
			buildPhases = (
				C24FCA922606769300F50032 /* Sources */,
				C24FCA932606769300F50032 /* Frameworks */,
				C24FCA942606769300F50032 /* Resources */,
			);
			buildRules = (
			);
			dependencies = (
				C24FCA982606769300F50032 /* PBXTargetDependency */,
			);
			name = CounterTests;
			productName = CounterTests;
			productReference = C24FCA962606769300F50032 /* CounterTests.xctest */;
			productType = "com.apple.product-type.bundle.unit-test";
		};
		C24FCAA02606769400F50032 /* CounterUITests */ = {
			isa = PBXNativeTarget;
			buildConfigurationList = C24FCAB02606769400F50032 /* Build configuration list for PBXNativeTarget "CounterUITests" */;
			buildPhases = (
				C24FCA9D2606769400F50032 /* Sources */,
				C24FCA9E2606769400F50032 /* Frameworks */,
				C24FCA9F2606769400F50032 /* Resources */,
			);
			buildRules = (
			);
			dependencies = (
				C24FCAA32606769400F50032 /* PBXTargetDependency */,
			);
			name = CounterUITests;
			productName = CounterUITests;
			productReference = C24FCAA12606769400F50032 /* CounterUITests.xctest */;
			productType = "com.apple.product-type.bundle.ui-testing";
		};
/* End PBXNativeTarget section */

/* Begin PBXProject section */
		C24FCA782606769200F50032 /* Project object */ = {
			isa = PBXProject;
			attributes = {
				LastSwiftUpdateCheck = 1240;
				LastUpgradeCheck = 1240;
				TargetAttributes = {
					C24FCA7F2606769200F50032 = {
						CreatedOnToolsVersion = 12.4;
					};
					C24FCA952606769300F50032 = {
						CreatedOnToolsVersion = 12.4;
						TestTargetID = C24FCA7F2606769200F50032;
					};
					C24FCAA02606769400F50032 = {
						CreatedOnToolsVersion = 12.4;
						TestTargetID = C24FCA7F2606769200F50032;
					};
				};
			};
			buildConfigurationList = C24FCA7B2606769200F50032 /* Build configuration list for PBXProject "Counter" */;
			compatibilityVersion = "Xcode 9.3";
			developmentRegion = en;
			hasScannedForEncodings = 0;
			knownRegions = (
				en,
				Base,
			);
			mainGroup = C24FCA772606769200F50032;
			productRefGroup = C24FCA812606769200F50032 /* Products */;
			projectDirPath = "";
			projectRoot = "";
			targets = (
				C24FCA7F2606769200F50032 /* Counter */,
				C24FCA952606769300F50032 /* CounterTests */,
				C24FCAA02606769400F50032 /* CounterUITests */,
			);
		};
/* End PBXProject section */

/* Begin PBXResourcesBuildPhase section */
		C24FCA7E2606769200F50032 /* Resources */ = {
			isa = PBXResourcesBuildPhase;
			buildActionMask = 2147483647;
			files = (
				C24FCA902606769300F50032 /* LaunchScreen.storyboard in Resources */,
				C24FCA8D2606769300F50032 /* Assets.xcassets in Resources */,
				C24FCA8B2606769200F50032 /* Main.storyboard in Resources */,
			);
			runOnlyForDeploymentPostprocessing = 0;
		};
		C24FCA942606769300F50032 /* Resources */ = {
			isa = PBXResourcesBuildPhase;
			buildActionMask = 2147483647;
			files = (
			);
			runOnlyForDeploymentPostprocessing = 0;
		};
		C24FCA9F2606769400F50032 /* Resources */ = {
			isa = PBXResourcesBuildPhase;
			buildActionMask = 2147483647;
			files = (
			);
			runOnlyForDeploymentPostprocessing = 0;
		};
/* End PBXResourcesBuildPhase section */

/* Begin PBXSourcesBuildPhase section */
		C24FCA7C2606769200F50032 /* Sources */ = {
			isa = PBXSourcesBuildPhase;
			buildActionMask = 2147483647;
			files = (
				C24FCA882606769200F50032 /* ViewController.swift in Sources */,
				C24FCA842606769200F50032 /* AppDelegate.swift in Sources */,
				C24FCA862606769200F50032 /* SceneDelegate.swift in Sources */,
			);
			runOnlyForDeploymentPostprocessing = 0;
		};
		C24FCA922606769300F50032 /* Sources */ = {
			isa = PBXSourcesBuildPhase;
			buildActionMask = 2147483647;
			files = (
				C24FCA9B2606769300F50032 /* CounterTests.swift in Sources */,
			);
			runOnlyForDeploymentPostprocessing = 0;
		};
		C24FCA9D2606769400F50032 /* Sources */ = {
			isa = PBXSourcesBuildPhase;
			buildActionMask = 2147483647;
			files = (
				C24FCAA62606769400F50032 /* CounterUITests.swift in Sources */,
			);
			runOnlyForDeploymentPostprocessing = 0;
		};
/* End PBXSourcesBuildPhase section */

/* Begin PBXTargetDependency section */
		C24FCA982606769300F50032 /* PBXTargetDependency */ = {
			isa = PBXTargetDependency;
			target = C24FCA7F2606769200F50032 /* Counter */;
			targetProxy = C24FCA972606769300F50032 /* PBXContainerItemProxy */;
		};
		C24FCAA32606769400F50032 /* PBXTargetDependency */ = {
			isa = PBXTargetDependency;
			target = C24FCA7F2606769200F50032 /* Counter */;
			targetProxy = C24FCAA22606769400F50032 /* PBXContainerItemProxy */;
		};
/* End PBXTargetDependency section */

/* Begin PBXVariantGroup section */
		C24FCA892606769200F50032 /* Main.storyboard */ = {
			isa = PBXVariantGroup;
			children = (
				C24FCA8A2606769200F50032 /* Base */,
			);
			name = Main.storyboard;
			sourceTree = "<group>";
		};
		C24FCA8E2606769300F50032 /* LaunchScreen.storyboard */ = {
			isa = PBXVariantGroup;
			children = (
				C24FCA8F2606769300F50032 /* Base */,
			);
			name = LaunchScreen.storyboard;
			sourceTree = "<group>";
		};
/* End PBXVariantGroup section */

/* Begin XCBuildConfiguration section */
		C24FCAA82606769400F50032 /* Debug */ = {
			isa = XCBuildConfiguration;
			buildSettings = {
				ALWAYS_SEARCH_USER_PATHS = NO;
				CLANG_ANALYZER_NONNULL = YES;
				CLANG_ANALYZER_NUMBER_OBJECT_CONVERSION = YES_AGGRESSIVE;
				CLANG_CXX_LANGUAGE_STANDARD = "gnu++14";
				CLANG_CXX_LIBRARY = "libc++";
				CLANG_ENABLE_MODULES = YES;
				CLANG_ENABLE_OBJC_ARC = YES;
				CLANG_ENABLE_OBJC_WEAK = YES;
				CLANG_WARN_BLOCK_CAPTURE_AUTORELEASING = YES;
				CLANG_WARN_BOOL_CONVERSION = YES;
				CLANG_WARN_COMMA = YES;
				CLANG_WARN_CONSTANT_CONVERSION = YES;
				CLANG_WARN_DEPRECATED_OBJC_IMPLEMENTATIONS = YES;
				CLANG_WARN_DIRECT_OBJC_ISA_USAGE = YES_ERROR;
				CLANG_WARN_DOCUMENTATION_COMMENTS = YES;
				CLANG_WARN_EMPTY_BODY = YES;
				CLANG_WARN_ENUM_CONVERSION = YES;
				CLANG_WARN_INFINITE_RECURSION = YES;
				CLANG_WARN_INT_CONVERSION = YES;
				CLANG_WARN_NON_LITERAL_NULL_CONVERSION = YES;
				CLANG_WARN_OBJC_IMPLICIT_RETAIN_SELF = YES;
				CLANG_WARN_OBJC_LITERAL_CONVERSION = YES;
				CLANG_WARN_OBJC_ROOT_CLASS = YES_ERROR;
				CLANG_WARN_QUOTED_INCLUDE_IN_FRAMEWORK_HEADER = YES;
				CLANG_WARN_RANGE_LOOP_ANALYSIS = YES;
				CLANG_WARN_STRICT_PROTOTYPES = YES;
				CLANG_WARN_SUSPICIOUS_MOVE = YES;
				CLANG_WARN_UNGUARDED_AVAILABILITY = YES_AGGRESSIVE;
				CLANG_WARN_UNREACHABLE_CODE = YES;
				CLANG_WARN__DUPLICATE_METHOD_MATCH = YES;
				COPY_PHASE_STRIP = NO;
				DEBUG_INFORMATION_FORMAT = dwarf;
				ENABLE_STRICT_OBJC_MSGSEND = YES;
				ENABLE_TESTABILITY = YES;
				GCC_C_LANGUAGE_STANDARD = gnu11;
				GCC_DYNAMIC_NO_PIC = NO;
				GCC_NO_COMMON_BLOCKS = YES;
				GCC_OPTIMIZATION_LEVEL = 0;
				GCC_PREPROCESSOR_DEFINITIONS = (
					"DEBUG=1",
					"$(inherited)",
				);
				GCC_WARN_64_TO_32_BIT_CONVERSION = YES;
				GCC_WARN_ABOUT_RETURN_TYPE = YES_ERROR;
				GCC_WARN_UNDECLARED_SELECTOR = YES;
				GCC_WARN_UNINITIALIZED_AUTOS = YES_AGGRESSIVE;
				GCC_WARN_UNUSED_FUNCTION = YES;
				GCC_WARN_UNUSED_VARIABLE = YES;
				IPHONEOS_DEPLOYMENT_TARGET = 14.4;
				MTL_ENABLE_DEBUG_INFO = INCLUDE_SOURCE;
				MTL_FAST_MATH = YES;
				ONLY_ACTIVE_ARCH = YES;
				SDKROOT = iphoneos;
				SWIFT_ACTIVE_COMPILATION_CONDITIONS = DEBUG;
				SWIFT_OPTIMIZATION_LEVEL = "-Onone";
			};
			name = Debug;
		};
		C24FCAA92606769400F50032 /* Release */ = {
			isa = XCBuildConfiguration;
			buildSettings = {
				ALWAYS_SEARCH_USER_PATHS = NO;
				CLANG_ANALYZER_NONNULL = YES;
				CLANG_ANALYZER_NUMBER_OBJECT_CONVERSION = YES_AGGRESSIVE;
				CLANG_CXX_LANGUAGE_STANDARD = "gnu++14";
				CLANG_CXX_LIBRARY = "libc++";
				CLANG_ENABLE_MODULES = YES;
				CLANG_ENABLE_OBJC_ARC = YES;
				CLANG_ENABLE_OBJC_WEAK = YES;
				CLANG_WARN_BLOCK_CAPTURE_AUTORELEASING = YES;
				CLANG_WARN_BOOL_CONVERSION = YES;
				CLANG_WARN_COMMA = YES;
				CLANG_WARN_CONSTANT_CONVERSION = YES;
				CLANG_WARN_DEPRECATED_OBJC_IMPLEMENTATIONS = YES;
				CLANG_WARN_DIRECT_OBJC_ISA_USAGE = YES_ERROR;
				CLANG_WARN_DOCUMENTATION_COMMENTS = YES;
				CLANG_WARN_EMPTY_BODY = YES;
				CLANG_WARN_ENUM_CONVERSION = YES;
				CLANG_WARN_INFINITE_RECURSION = YES;
				CLANG_WARN_INT_CONVERSION = YES;
				CLANG_WARN_NON_LITERAL_NULL_CONVERSION = YES;
				CLANG_WARN_OBJC_IMPLICIT_RETAIN_SELF = YES;
				CLANG_WARN_OBJC_LITERAL_CONVERSION = YES;
				CLANG_WARN_OBJC_ROOT_CLASS = YES_ERROR;
				CLANG_WARN_QUOTED_INCLUDE_IN_FRAMEWORK_HEADER = YES;
				CLANG_WARN_RANGE_LOOP_ANALYSIS = YES;
				CLANG_WARN_STRICT_PROTOTYPES = YES;
				CLANG_WARN_SUSPICIOUS_MOVE = YES;
				CLANG_WARN_UNGUARDED_AVAILABILITY = YES_AGGRESSIVE;
				CLANG_WARN_UNREACHABLE_CODE = YES;
				CLANG_WARN__DUPLICATE_METHOD_MATCH = YES;
				COPY_PHASE_STRIP = NO;
				DEBUG_INFORMATION_FORMAT = "dwarf-with-dsym";
				ENABLE_NS_ASSERTIONS = NO;
				ENABLE_STRICT_OBJC_MSGSEND = YES;
				GCC_C_LANGUAGE_STANDARD = gnu11;
				GCC_NO_COMMON_BLOCKS = YES;
				GCC_WARN_64_TO_32_BIT_CONVERSION = YES;
				GCC_WARN_ABOUT_RETURN_TYPE = YES_ERROR;
				GCC_WARN_UNDECLARED_SELECTOR = YES;
				GCC_WARN_UNINITIALIZED_AUTOS = YES_AGGRESSIVE;
				GCC_WARN_UNUSED_FUNCTION = YES;
				GCC_WARN_UNUSED_VARIABLE = YES;
				IPHONEOS_DEPLOYMENT_TARGET = 14.4;
				MTL_ENABLE_DEBUG_INFO = NO;
				MTL_FAST_MATH = YES;
				SDKROOT = iphoneos;
				SWIFT_COMPILATION_MODE = wholemodule;
				SWIFT_OPTIMIZATION_LEVEL = "-O";
				VALIDATE_PRODUCT = YES;
			};
			name = Release;
		};
		C24FCAAB2606769400F50032 /* Debug */ = {
			isa = XCBuildConfiguration;
			buildSettings = {
				ASSETCATALOG_COMPILER_APPICON_NAME = AppIcon;
				ASSETCATALOG_COMPILER_GLOBAL_ACCENT_COLOR_NAME = AccentColor;
				CODE_SIGN_STYLE = Automatic;
				DEVELOPMENT_TEAM = C3M56A453W;
				INFOPLIST_FILE = Counter/Info.plist;
				LD_RUNPATH_SEARCH_PATHS = (
					"$(inherited)",
					"@executable_path/Frameworks",
				);
				PRODUCT_BUNDLE_IDENTIFIER = IgorPolousov.Counter;
				PRODUCT_NAME = "$(TARGET_NAME)";
				SWIFT_VERSION = 5.0;
				TARGETED_DEVICE_FAMILY = "1,2";
			};
			name = Debug;
		};
		C24FCAAC2606769400F50032 /* Release */ = {
			isa = XCBuildConfiguration;
			buildSettings = {
				ASSETCATALOG_COMPILER_APPICON_NAME = AppIcon;
				ASSETCATALOG_COMPILER_GLOBAL_ACCENT_COLOR_NAME = AccentColor;
				CODE_SIGN_STYLE = Automatic;
				DEVELOPMENT_TEAM = C3M56A453W;
				INFOPLIST_FILE = Counter/Info.plist;
				LD_RUNPATH_SEARCH_PATHS = (
					"$(inherited)",
					"@executable_path/Frameworks",
				);
				PRODUCT_BUNDLE_IDENTIFIER = IgorPolousov.Counter;
				PRODUCT_NAME = "$(TARGET_NAME)";
				SWIFT_VERSION = 5.0;
				TARGETED_DEVICE_FAMILY = "1,2";
			};
			name = Release;
		};
		C24FCAAE2606769400F50032 /* Debug */ = {
			isa = XCBuildConfiguration;
			buildSettings = {
				ALWAYS_EMBED_SWIFT_STANDARD_LIBRARIES = YES;
				BUNDLE_LOADER = "$(TEST_HOST)";
				CODE_SIGN_STYLE = Automatic;
				DEVELOPMENT_TEAM = C3M56A453W;
				INFOPLIST_FILE = CounterTests/Info.plist;
				IPHONEOS_DEPLOYMENT_TARGET = 14.4;
				LD_RUNPATH_SEARCH_PATHS = (
					"$(inherited)",
					"@executable_path/Frameworks",
					"@loader_path/Frameworks",
				);
				PRODUCT_BUNDLE_IDENTIFIER = IgorPolousov.CounterTests;
				PRODUCT_NAME = "$(TARGET_NAME)";
				SWIFT_VERSION = 5.0;
				TARGETED_DEVICE_FAMILY = "1,2";
				TEST_HOST = "$(BUILT_PRODUCTS_DIR)/Counter.app/Counter";
			};
			name = Debug;
		};
		C24FCAAF2606769400F50032 /* Release */ = {
			isa = XCBuildConfiguration;
			buildSettings = {
				ALWAYS_EMBED_SWIFT_STANDARD_LIBRARIES = YES;
				BUNDLE_LOADER = "$(TEST_HOST)";
				CODE_SIGN_STYLE = Automatic;
				DEVELOPMENT_TEAM = C3M56A453W;
				INFOPLIST_FILE = CounterTests/Info.plist;
				IPHONEOS_DEPLOYMENT_TARGET = 14.4;
				LD_RUNPATH_SEARCH_PATHS = (
					"$(inherited)",
					"@executable_path/Frameworks",
					"@loader_path/Frameworks",
				);
				PRODUCT_BUNDLE_IDENTIFIER = IgorPolousov.CounterTests;
				PRODUCT_NAME = "$(TARGET_NAME)";
				SWIFT_VERSION = 5.0;
				TARGETED_DEVICE_FAMILY = "1,2";
				TEST_HOST = "$(BUILT_PRODUCTS_DIR)/Counter.app/Counter";
			};
			name = Release;
		};
		C24FCAB12606769400F50032 /* Debug */ = {
			isa = XCBuildConfiguration;
			buildSettings = {
				ALWAYS_EMBED_SWIFT_STANDARD_LIBRARIES = YES;
				CODE_SIGN_STYLE = Automatic;
				DEVELOPMENT_TEAM = C3M56A453W;
				INFOPLIST_FILE = CounterUITests/Info.plist;
				LD_RUNPATH_SEARCH_PATHS = (
					"$(inherited)",
					"@executable_path/Frameworks",
					"@loader_path/Frameworks",
				);
				PRODUCT_BUNDLE_IDENTIFIER = IgorPolousov.CounterUITests;
				PRODUCT_NAME = "$(TARGET_NAME)";
				SWIFT_VERSION = 5.0;
				TARGETED_DEVICE_FAMILY = "1,2";
				TEST_TARGET_NAME = Counter;
			};
			name = Debug;
		};
		C24FCAB22606769400F50032 /* Release */ = {
			isa = XCBuildConfiguration;
			buildSettings = {
				ALWAYS_EMBED_SWIFT_STANDARD_LIBRARIES = YES;
				CODE_SIGN_STYLE = Automatic;
				DEVELOPMENT_TEAM = C3M56A453W;
				INFOPLIST_FILE = CounterUITests/Info.plist;
				LD_RUNPATH_SEARCH_PATHS = (
					"$(inherited)",
					"@executable_path/Frameworks",
					"@loader_path/Frameworks",
				);
				PRODUCT_BUNDLE_IDENTIFIER = IgorPolousov.CounterUITests;
				PRODUCT_NAME = "$(TARGET_NAME)";
				SWIFT_VERSION = 5.0;
				TARGETED_DEVICE_FAMILY = "1,2";
				TEST_TARGET_NAME = Counter;
			};
			name = Release;
		};
/* End XCBuildConfiguration section */

/* Begin XCConfigurationList section */
		C24FCA7B2606769200F50032 /* Build configuration list for PBXProject "Counter" */ = {
			isa = XCConfigurationList;
			buildConfigurations = (
				C24FCAA82606769400F50032 /* Debug */,
				C24FCAA92606769400F50032 /* Release */,
			);
			defaultConfigurationIsVisible = 0;
			defaultConfigurationName = Release;
		};
		C24FCAAA2606769400F50032 /* Build configuration list for PBXNativeTarget "Counter" */ = {
			isa = XCConfigurationList;
			buildConfigurations = (
				C24FCAAB2606769400F50032 /* Debug */,
				C24FCAAC2606769400F50032 /* Release */,
			);
			defaultConfigurationIsVisible = 0;
			defaultConfigurationName = Release;
		};
		C24FCAAD2606769400F50032 /* Build configuration list for PBXNativeTarget "CounterTests" */ = {
			isa = XCConfigurationList;
			buildConfigurations = (
				C24FCAAE2606769400F50032 /* Debug */,
				C24FCAAF2606769400F50032 /* Release */,
			);
			defaultConfigurationIsVisible = 0;
			defaultConfigurationName = Release;
		};
		C24FCAB02606769400F50032 /* Build configuration list for PBXNativeTarget "CounterUITests" */ = {
			isa = XCConfigurationList;
			buildConfigurations = (
				C24FCAB12606769400F50032 /* Debug */,
				C24FCAB22606769400F50032 /* Release */,
			);
			defaultConfigurationIsVisible = 0;
			defaultConfigurationName = Release;
		};
/* End XCConfigurationList section */
	};
	rootObject = C24FCA782606769200F50032 /* Project object */;
}
